
Microsoft Visual Studio Solution File, Format Version 12.00
# Visual Studio Version 17
VisualStudioVersion = 17.13.35931.197 d17.13
MinimumVisualStudioVersion = 10.0.40219.1
Project("{FAE04EC0-301F-11D3-BF4B-00C04F79EFBC}") = "Tournament.Api", "Tournament.Api\Tournament.Api.csproj", "{BBA8F3F6-697E-423A-9504-9CC70A8B9123}"
EndProject
Project("{FAE04EC0-301F-11D3-BF4B-00C04F79EFBC}") = "Tournament.Data", "Tournament.Data\Tournament.Data.csproj", "{FC294625-3152-46D7-BFED-DE79D8ABED2E}"
EndProject
Project("{FAE04EC0-301F-11D3-BF4B-00C04F79EFBC}") = "Tournament.Core", "Tournament.Core\Tournament.Core.csproj", "{CFC8E80E-8BE9-4F84-9F09-FC2C08B45F8A}"
EndProject
Global
	GlobalSection(SolutionConfigurationPlatforms) = preSolution
		Debug|Any CPU = Debug|Any CPU
		Release|Any CPU = Release|Any CPU
	EndGlobalSection
	GlobalSection(ProjectConfigurationPlatforms) = postSolution
		{BBA8F3F6-697E-423A-9504-9CC70A8B9123}.Debug|Any CPU.ActiveCfg = Debug|Any CPU
		{BBA8F3F6-697E-423A-9504-9CC70A8B9123}.Debug|Any CPU.Build.0 = Debug|Any CPU
		{BBA8F3F6-697E-423A-9504-9CC70A8B9123}.Release|Any CPU.ActiveCfg = Release|Any CPU
		{BBA8F3F6-697E-423A-9504-9CC70A8B9123}.Release|Any CPU.Build.0 = Release|Any CPU
		{FC294625-3152-46D7-BFED-DE79D8ABED2E}.Debug|Any CPU.ActiveCfg = Debug|Any CPU
		{FC294625-3152-46D7-BFED-DE79D8ABED2E}.Debug|Any CPU.Build.0 = Debug|Any CPU
		{FC294625-3152-46D7-BFED-DE79D8ABED2E}.Release|Any CPU.ActiveCfg = Release|Any CPU
		{FC294625-3152-46D7-BFED-DE79D8ABED2E}.Release|Any CPU.Build.0 = Release|Any CPU
		{CFC8E80E-8BE9-4F84-9F09-FC2C08B45F8A}.Debug|Any CPU.ActiveCfg = Debug|Any CPU
		{CFC8E80E-8BE9-4F84-9F09-FC2C08B45F8A}.Debug|Any CPU.Build.0 = Debug|Any CPU
		{CFC8E80E-8BE9-4F84-9F09-FC2C08B45F8A}.Release|Any CPU.ActiveCfg = Release|Any CPU
		{CFC8E80E-8BE9-4F84-9F09-FC2C08B45F8A}.Release|Any CPU.Build.0 = Release|Any CPU
	EndGlobalSection
	GlobalSection(SolutionProperties) = preSolution
		HideSolutionNode = FALSE
	EndGlobalSection
	GlobalSection(ExtensibilityGlobals) = postSolution
		SolutionGuid = {A518B901-7972-4909-8DF2-3DA56DF140E4}
	EndGlobalSection
EndGlobal
